
Microsoft Visual Studio Solution File, Format Version 12.00
# Visual Studio Version 17
VisualStudioVersion = 17.5.33502.453
MinimumVisualStudioVersion = 10.0.40219.1
Project("{FAE04EC0-301F-11D3-BF4B-00C04F79EFBC}") = "BooksInTheLibrary", "BooksInTheLibrary\BooksInTheLibrary.csproj", "{170F61C4-0AEF-40AE-8164-C32D57B30546}"
EndProject
Global
	GlobalSection(SolutionConfigurationPlatforms) = preSolution
		Debug|Any CPU = Debug|Any CPU
		Release|Any CPU = Release|Any CPU
	EndGlobalSection
	GlobalSection(ProjectConfigurationPlatforms) = postSolution
		{170F61C4-0AEF-40AE-8164-C32D57B30546}.Debug|Any CPU.ActiveCfg = Debug|Any CPU
		{170F61C4-0AEF-40AE-8164-C32D57B30546}.Debug|Any CPU.Build.0 = Debug|Any CPU
		{170F61C4-0AEF-40AE-8164-C32D57B30546}.Release|Any CPU.ActiveCfg = Release|Any CPU
		{170F61C4-0AEF-40AE-8164-C32D57B30546}.Release|Any CPU.Build.0 = Release|Any CPU
	EndGlobalSection
	GlobalSection(SolutionProperties) = preSolution
		HideSolutionNode = FALSE
	EndGlobalSection
	GlobalSection(ExtensibilityGlobals) = postSolution
		SolutionGuid = {DD4A5B2E-650B-4FA2-A5F8-14A76EA3BD51}
	EndGlobalSection
EndGlobal
